{
  "name": "digital-filter",
  "version": "2.4.1",
  "lockfileVersion": 3,
  "requires": true,
  "packages": {
    "": {
      "name": "digital-filter",
      "version": "2.4.1",
      "license": "MIT",
      "dependencies": {
        "window-function": "^3.0.1"
      },
      "devDependencies": {
        "tst": "^9.4.0"
      },
      "engines": {
        "node": ">=18"
      }
    },
    "node_modules/tst": {
      "version": "9.4.0",
      "resolved": "https://registry.npmjs.org/tst/-/tst-9.4.0.tgz",
      "integrity": "sha512-LFC1yasMqhvL9hBJdA07nozlfS1RGy/7uiBCwRZcQH9zB4+n7XpxwYszzK//WQ2JVOLAUgU3d8ABEcrFLZE0vg==",
      "dev": true,
      "license": "MIT"
    },
    "node_modules/window-function": {
      "version": "3.0.1",
      "resolved": "https://registry.npmjs.org/window-function/-/window-function-3.0.1.tgz",
      "integrity": "sha512-leNaeoOe+AWGGL7i3UYC1diwxi1XGdypk+mBTdETtj7ptYikvcY1hw2qGsT0zhDBta1L3ynYLW3HjZq8gsLJ1w==",
      "license": "MIT",
      "engines": {
        "node": ">=18"
      }
    }
  }
}
